
Microsoft Visual Studio Solution File, Format Version 12.00
# Visual Studio 15
VisualStudioVersion = 15.0.28307.1340
MinimumVisualStudioVersion = 10.0.40219.1
Project("{8BC9CEB8-8B4A-11D0-8D11-00A0C91BC942}") = "rtc_extension", "rtc_extension.vcxproj", "{5E24A8BD-3D84-4854-A42D-0D99AAD3BCF7}"
EndProject
Global
	GlobalSection(SolutionConfigurationPlatforms) = preSolution
		Debug|x64 = Debug|x64
		Debug|x86 = Debug|x86
		Release|x64 = Release|x64
		Release|x86 = Release|x86
	EndGlobalSection
	GlobalSection(ProjectConfigurationPlatforms) = postSolution
		{5E24A8BD-3D84-4854-A42D-0D99AAD3BCF7}.Debug|x64.ActiveCfg = Debug|x64
		{5E24A8BD-3D84-4854-A42D-0D99AAD3BCF7}.Debug|x64.Build.0 = Debug|x64
		{5E24A8BD-3D84-4854-A42D-0D99AAD3BCF7}.Debug|x86.ActiveCfg = Debug|Win32
		{5E24A8BD-3D84-4854-A42D-0D99AAD3BCF7}.Debug|x86.Build.0 = Debug|Win32
		{5E24A8BD-3D84-4854-A42D-0D99AAD3BCF7}.Release|x64.ActiveCfg = Release|x64
		{5E24A8BD-3D84-4854-A42D-0D99AAD3BCF7}.Release|x64.Build.0 = Release|x64
		{5E24A8BD-3D84-4854-A42D-0D99AAD3BCF7}.Release|x86.ActiveCfg = Release|Win32
		{5E24A8BD-3D84-4854-A42D-0D99AAD3BCF7}.Release|x86.Build.0 = Release|Win32
	EndGlobalSection
	GlobalSection(SolutionProperties) = preSolution
		HideSolutionNode = FALSE
	EndGlobalSection
	GlobalSection(ExtensibilityGlobals) = postSolution
		SolutionGuid = {2F837390-5F3F-4A60-B370-7156F25E698A}
	EndGlobalSection
EndGlobal
